
Microsoft Visual Studio Solution File, Format Version 12.00
# Visual Studio Version 17
VisualStudioVersion = 17.9.34607.119
MinimumVisualStudioVersion = 10.0.40219.1
Project("{FAE04EC0-301F-11D3-BF4B-00C04F79EFBC}") = "Examen parcial abril 2018", "Examen parcial abril 2018.csproj", "{B69EFC5A-E1B2-43C6-AE6C-0B349380453B}"
EndProject
Global
	GlobalSection(SolutionConfigurationPlatforms) = preSolution
		Debug|Any CPU = Debug|Any CPU
		Release|Any CPU = Release|Any CPU
	EndGlobalSection
	GlobalSection(ProjectConfigurationPlatforms) = postSolution
		{B69EFC5A-E1B2-43C6-AE6C-0B349380453B}.Debug|Any CPU.ActiveCfg = Debug|Any CPU
		{B69EFC5A-E1B2-43C6-AE6C-0B349380453B}.Debug|Any CPU.Build.0 = Debug|Any CPU
		{B69EFC5A-E1B2-43C6-AE6C-0B349380453B}.Release|Any CPU.ActiveCfg = Release|Any CPU
		{B69EFC5A-E1B2-43C6-AE6C-0B349380453B}.Release|Any CPU.Build.0 = Release|Any CPU
	EndGlobalSection
	GlobalSection(SolutionProperties) = preSolution
		HideSolutionNode = FALSE
	EndGlobalSection
	GlobalSection(ExtensibilityGlobals) = postSolution
		SolutionGuid = {8FF3039C-0415-4D61-8FBE-727B9D224EF9}
	EndGlobalSection
EndGlobal
