
Microsoft Visual Studio Solution File, Format Version 12.00
# Visual Studio Version 17
VisualStudioVersion = 17.10.34928.147
MinimumVisualStudioVersion = 10.0.40219.1
Project("{FAE04EC0-301F-11D3-BF4B-00C04F79EFBC}") = "Examen parcial abril 2018", "Examen parcial abril 2018.csproj", "{F1280889-056B-4EC5-83CF-C7649D74693F}"
EndProject
Global
	GlobalSection(SolutionConfigurationPlatforms) = preSolution
		Debug|Any CPU = Debug|Any CPU
		Release|Any CPU = Release|Any CPU
	EndGlobalSection
	GlobalSection(ProjectConfigurationPlatforms) = postSolution
		{F1280889-056B-4EC5-83CF-C7649D74693F}.Debug|Any CPU.ActiveCfg = Debug|Any CPU
		{F1280889-056B-4EC5-83CF-C7649D74693F}.Debug|Any CPU.Build.0 = Debug|Any CPU
		{F1280889-056B-4EC5-83CF-C7649D74693F}.Release|Any CPU.ActiveCfg = Release|Any CPU
		{F1280889-056B-4EC5-83CF-C7649D74693F}.Release|Any CPU.Build.0 = Release|Any CPU
	EndGlobalSection
	GlobalSection(SolutionProperties) = preSolution
		HideSolutionNode = FALSE
	EndGlobalSection
	GlobalSection(ExtensibilityGlobals) = postSolution
		SolutionGuid = {91A8AABB-0A04-469E-8F64-8A065D0BA22D}
	EndGlobalSection
EndGlobal
