
Microsoft Visual Studio Solution File, Format Version 12.00
# Visual Studio Version 17
VisualStudioVersion = 17.10.34928.147
MinimumVisualStudioVersion = 10.0.40219.1
Project("{FAE04EC0-301F-11D3-BF4B-00C04F79EFBC}") = "Examen Final, Septiembre 2016", "Examen Final, Septiembre 2016.csproj", "{B8D7FFDC-16EE-42CF-943E-7C2FA61DF7D0}"
EndProject
Global
	GlobalSection(SolutionConfigurationPlatforms) = preSolution
		Debug|Any CPU = Debug|Any CPU
		Release|Any CPU = Release|Any CPU
	EndGlobalSection
	GlobalSection(ProjectConfigurationPlatforms) = postSolution
		{B8D7FFDC-16EE-42CF-943E-7C2FA61DF7D0}.Debug|Any CPU.ActiveCfg = Debug|Any CPU
		{B8D7FFDC-16EE-42CF-943E-7C2FA61DF7D0}.Debug|Any CPU.Build.0 = Debug|Any CPU
		{B8D7FFDC-16EE-42CF-943E-7C2FA61DF7D0}.Release|Any CPU.ActiveCfg = Release|Any CPU
		{B8D7FFDC-16EE-42CF-943E-7C2FA61DF7D0}.Release|Any CPU.Build.0 = Release|Any CPU
	EndGlobalSection
	GlobalSection(SolutionProperties) = preSolution
		HideSolutionNode = FALSE
	EndGlobalSection
	GlobalSection(ExtensibilityGlobals) = postSolution
		SolutionGuid = {E48496A0-F77D-4C8F-83BC-615DDD81004D}
	EndGlobalSection
EndGlobal
